{
    "jms/metadata": {
        "version": "2.4.0"
    },
    "monolog/monolog": {
        "version": "2.2.0"
    },
    "php": {
        "version": "7.4"
    },
    "stripe/stripe-php": {
        "version": "v7.75.0"
    },
    "symfony/amqp-messenger": {
        "version": "v5.1.11"
    },
    "symfony/doctrine-messenger": {
        "version": "v5.1.11"
    },
    "symfony/messenger": {
        "version": "4.3",
        "recipe": {
            "repo": "github.com/symfony/recipes",
            "branch": "master",
            "version": "4.3",
            "ref": "e9a414b113ceadbf4e52abe37bf8f1b443f06ccb"
        },
        "files": [
            "./config/packages/messenger.yaml"
        ]
    },
    "symfony/monolog-bridge": {
        "version": "v5.1.11"
    },
    "symfony/monolog-bundle": {
        "version": "3.3",
        "recipe": {
            "repo": "github.com/symfony/recipes",
            "branch": "master",
            "version": "3.3",
            "ref": "d7249f7d560f6736115eee1851d02a65826f0a56"
        },
        "files": [
            "./config/packages/dev/monolog.yaml",
            "./config/packages/prod/deprecations.yaml",
            "./config/packages/prod/monolog.yaml",
            "./config/packages/test/monolog.yaml"
        ]
    },
    "symfony/phpunit-bridge": {
        "version": "5.1",
        "recipe": {
            "repo": "github.com/symfony/recipes",
            "branch": "master",
            "version": "5.1",
            "ref": "bf16921ef8309a81d9f046e9b6369c46bcbd031f"
        },
        "files": [
            "./.env.test",
            "./bin/phpunit",
            "./phpunit.xml.dist",
            "./tests/bootstrap.php"
        ]
    },
    "symfony/redis-messenger": {
        "version": "v5.1.11"
    },
    "symfony/workflow": {
        "version": "3.3",
        "recipe": {
            "repo": "github.com/symfony/recipes",
            "branch": "master",
            "version": "3.3",
            "ref": "3b2f8ca32a07fcb00f899649053943fa3d8bbfb6"
        },
        "files": [
            "./config/packages/workflow.yaml"
        ]
    },
    "vich/uploader-bundle": {
        "version": "1.5",
        "recipe": {
            "repo": "github.com/symfony/recipes-contrib",
            "branch": "master",
            "version": "1.5",
            "ref": "c4f5755b37fb65b9c6a3cbdae91205c15a137ed4"
        }
    }
}
